
Microsoft Visual Studio Solution File, Format Version 12.00
# Visual Studio 15
VisualStudioVersion = 15.0.26020.0
MinimumVisualStudioVersion = 10.0.40219.1
Project("{2150E333-8FDC-42A3-9474-1A3956D46DE8}") = "Solution Items", "Solution Items", "{40802D6E-CF85-4B69-B544-47CD70D89E16}"
	ProjectSection(SolutionItems) = preProject
		.deployment = .deployment
		.gitignore = .gitignore
		deploy.cmd = deploy.cmd
		LICENSE = LICENSE
		README.md = README.md
	EndProjectSection
EndProject
Project("{FAE04EC0-301F-11D3-BF4B-00C04F79EFBC}") = "Function1.Tests", "Function1.Tests\Function1.Tests.csproj", "{772BF044-1A65-4DDF-8D5A-6C143C491B32}"
EndProject
Project("{FAE04EC0-301F-11D3-BF4B-00C04F79EFBC}") = "Function1", "Function1\Function1.csproj", "{DAE8EDA2-1235-4385-ADBF-6D3AC161F31F}"
EndProject
Project("{FAE04EC0-301F-11D3-BF4B-00C04F79EFBC}") = "Function2", "Function2\Function2.csproj", "{AAA00FA6-044A-4DB4-8336-026014C9BF86}"
EndProject
Project("{FAE04EC0-301F-11D3-BF4B-00C04F79EFBC}") = "Function2.Tests", "Function2.Tests\Function2.Tests.csproj", "{38309EEC-6D20-4CEA-8ED2-6D1391814B0F}"
EndProject
Project("{FAE04EC0-301F-11D3-BF4B-00C04F79EFBC}") = "Function3", "Function3\Function3.csproj", "{2892F6A0-B2AA-4510-8C82-65C270BF7B89}"
EndProject
Global
	GlobalSection(SolutionConfigurationPlatforms) = preSolution
		Debug|Any CPU = Debug|Any CPU
		Release|Any CPU = Release|Any CPU
		Debug|x64 = Debug|x64
		Debug|x86 = Debug|x86
		Release|x64 = Release|x64
		Release|x86 = Release|x86
	EndGlobalSection
	GlobalSection(ProjectConfigurationPlatforms) = postSolution
		{772BF044-1A65-4DDF-8D5A-6C143C491B32}.Debug|Any CPU.ActiveCfg = Debug|Any CPU
		{772BF044-1A65-4DDF-8D5A-6C143C491B32}.Debug|Any CPU.Build.0 = Debug|Any CPU
		{772BF044-1A65-4DDF-8D5A-6C143C491B32}.Release|Any CPU.ActiveCfg = Release|Any CPU
		{772BF044-1A65-4DDF-8D5A-6C143C491B32}.Release|Any CPU.Build.0 = Release|Any CPU
		{DAE8EDA2-1235-4385-ADBF-6D3AC161F31F}.Debug|Any CPU.ActiveCfg = Debug|Any CPU
		{DAE8EDA2-1235-4385-ADBF-6D3AC161F31F}.Debug|Any CPU.Build.0 = Debug|Any CPU
		{DAE8EDA2-1235-4385-ADBF-6D3AC161F31F}.Release|Any CPU.ActiveCfg = Release|Any CPU
		{DAE8EDA2-1235-4385-ADBF-6D3AC161F31F}.Release|Any CPU.Build.0 = Release|Any CPU
		{AAA00FA6-044A-4DB4-8336-026014C9BF86}.Debug|Any CPU.ActiveCfg = Debug|Any CPU
		{AAA00FA6-044A-4DB4-8336-026014C9BF86}.Debug|Any CPU.Build.0 = Debug|Any CPU
		{AAA00FA6-044A-4DB4-8336-026014C9BF86}.Release|Any CPU.ActiveCfg = Release|Any CPU
		{AAA00FA6-044A-4DB4-8336-026014C9BF86}.Release|Any CPU.Build.0 = Release|Any CPU
		{38309EEC-6D20-4CEA-8ED2-6D1391814B0F}.Debug|Any CPU.ActiveCfg = Debug|Any CPU
		{38309EEC-6D20-4CEA-8ED2-6D1391814B0F}.Debug|Any CPU.Build.0 = Debug|Any CPU
		{38309EEC-6D20-4CEA-8ED2-6D1391814B0F}.Release|Any CPU.ActiveCfg = Release|Any CPU
		{38309EEC-6D20-4CEA-8ED2-6D1391814B0F}.Release|Any CPU.Build.0 = Release|Any CPU
		{2892F6A0-B2AA-4510-8C82-65C270BF7B89}.Debug|Any CPU.ActiveCfg = Debug|Any CPU
		{2892F6A0-B2AA-4510-8C82-65C270BF7B89}.Debug|Any CPU.Build.0 = Debug|Any CPU
		{2892F6A0-B2AA-4510-8C82-65C270BF7B89}.Debug|x64.ActiveCfg = Debug|x64
		{2892F6A0-B2AA-4510-8C82-65C270BF7B89}.Debug|x64.Build.0 = Debug|x64
		{2892F6A0-B2AA-4510-8C82-65C270BF7B89}.Debug|x86.ActiveCfg = Debug|x86
		{2892F6A0-B2AA-4510-8C82-65C270BF7B89}.Debug|x86.Build.0 = Debug|x86
		{2892F6A0-B2AA-4510-8C82-65C270BF7B89}.Release|Any CPU.ActiveCfg = Release|Any CPU
		{2892F6A0-B2AA-4510-8C82-65C270BF7B89}.Release|Any CPU.Build.0 = Release|Any CPU
		{2892F6A0-B2AA-4510-8C82-65C270BF7B89}.Release|x64.ActiveCfg = Release|x64
		{2892F6A0-B2AA-4510-8C82-65C270BF7B89}.Release|x64.Build.0 = Release|x64
		{2892F6A0-B2AA-4510-8C82-65C270BF7B89}.Release|x86.ActiveCfg = Release|x86
		{2892F6A0-B2AA-4510-8C82-65C270BF7B89}.Release|x86.Build.0 = Release|x86
	EndGlobalSection
	GlobalSection(SolutionProperties) = preSolution
		HideSolutionNode = FALSE
	EndGlobalSection
EndGlobal
