
Microsoft Visual Studio Solution File, Format Version 12.00
# Visual Studio 14
VisualStudioVersion = 14.0.25420.1
MinimumVisualStudioVersion = 10.0.40219.1
Project("{2150E333-8FDC-42A3-9474-1A3956D46DE8}") = "Solution Items", "Solution Items", "{40802D6E-CF85-4B69-B544-47CD70D89E16}"
	ProjectSection(SolutionItems) = preProject
		.deployment = .deployment
		.gitignore = .gitignore
		deploy.cmd = deploy.cmd
		LICENSE = LICENSE
		README.md = README.md
	EndProjectSection
EndProject
Project("{2150E333-8FDC-42A3-9474-1A3956D46DE8}") = "src", "src", "{E7ADB5E1-29A9-4D9D-B559-1D75DBF0F3A9}"
EndProject
Project("{FAE04EC0-301F-11D3-BF4B-00C04F79EFBC}") = "Function1.Tests", "src\Function1.Tests\Function1.Tests.csproj", "{772BF044-1A65-4DDF-8D5A-6C143C491B32}"
EndProject
Project("{FAE04EC0-301F-11D3-BF4B-00C04F79EFBC}") = "Function1", "src\Function1\Function1.csproj", "{DAE8EDA2-1235-4385-ADBF-6D3AC161F31F}"
EndProject
Project("{FAE04EC0-301F-11D3-BF4B-00C04F79EFBC}") = "Function2", "src\Function2\Function2.csproj", "{AAA00FA6-044A-4DB4-8336-026014C9BF86}"
EndProject
Project("{FAE04EC0-301F-11D3-BF4B-00C04F79EFBC}") = "Function2.Tests", "src\Function2.Tests\Function2.Tests.csproj", "{38309EEC-6D20-4CEA-8ED2-6D1391814B0F}"
EndProject
Global
	GlobalSection(SolutionConfigurationPlatforms) = preSolution
		Debug|Any CPU = Debug|Any CPU
		Release|Any CPU = Release|Any CPU
	EndGlobalSection
	GlobalSection(ProjectConfigurationPlatforms) = postSolution
		{772BF044-1A65-4DDF-8D5A-6C143C491B32}.Debug|Any CPU.ActiveCfg = Debug|Any CPU
		{772BF044-1A65-4DDF-8D5A-6C143C491B32}.Debug|Any CPU.Build.0 = Debug|Any CPU
		{772BF044-1A65-4DDF-8D5A-6C143C491B32}.Release|Any CPU.ActiveCfg = Release|Any CPU
		{772BF044-1A65-4DDF-8D5A-6C143C491B32}.Release|Any CPU.Build.0 = Release|Any CPU
		{DAE8EDA2-1235-4385-ADBF-6D3AC161F31F}.Debug|Any CPU.ActiveCfg = Debug|Any CPU
		{DAE8EDA2-1235-4385-ADBF-6D3AC161F31F}.Debug|Any CPU.Build.0 = Debug|Any CPU
		{DAE8EDA2-1235-4385-ADBF-6D3AC161F31F}.Release|Any CPU.ActiveCfg = Release|Any CPU
		{DAE8EDA2-1235-4385-ADBF-6D3AC161F31F}.Release|Any CPU.Build.0 = Release|Any CPU
		{AAA00FA6-044A-4DB4-8336-026014C9BF86}.Debug|Any CPU.ActiveCfg = Debug|Any CPU
		{AAA00FA6-044A-4DB4-8336-026014C9BF86}.Debug|Any CPU.Build.0 = Debug|Any CPU
		{AAA00FA6-044A-4DB4-8336-026014C9BF86}.Release|Any CPU.ActiveCfg = Release|Any CPU
		{AAA00FA6-044A-4DB4-8336-026014C9BF86}.Release|Any CPU.Build.0 = Release|Any CPU
		{38309EEC-6D20-4CEA-8ED2-6D1391814B0F}.Debug|Any CPU.ActiveCfg = Debug|Any CPU
		{38309EEC-6D20-4CEA-8ED2-6D1391814B0F}.Debug|Any CPU.Build.0 = Debug|Any CPU
		{38309EEC-6D20-4CEA-8ED2-6D1391814B0F}.Release|Any CPU.ActiveCfg = Release|Any CPU
		{38309EEC-6D20-4CEA-8ED2-6D1391814B0F}.Release|Any CPU.Build.0 = Release|Any CPU
	EndGlobalSection
	GlobalSection(SolutionProperties) = preSolution
		HideSolutionNode = FALSE
	EndGlobalSection
	GlobalSection(NestedProjects) = preSolution
		{772BF044-1A65-4DDF-8D5A-6C143C491B32} = {E7ADB5E1-29A9-4D9D-B559-1D75DBF0F3A9}
		{DAE8EDA2-1235-4385-ADBF-6D3AC161F31F} = {E7ADB5E1-29A9-4D9D-B559-1D75DBF0F3A9}
		{AAA00FA6-044A-4DB4-8336-026014C9BF86} = {E7ADB5E1-29A9-4D9D-B559-1D75DBF0F3A9}
		{38309EEC-6D20-4CEA-8ED2-6D1391814B0F} = {E7ADB5E1-29A9-4D9D-B559-1D75DBF0F3A9}
	EndGlobalSection
EndGlobal
